// !$*UTF8*$!
{
	archiveVersion = 1;
	classes = {
	};
	objectVersion = 77;
	objects = {

/* Begin PBXBuildFile section */
		438AD2D52E424B2F00249A97 /* Assets.xcassets in Resources */ = {isa = PBXBuildFile; fileRef = 438AD2CA2E424B2F00249A97 /* Assets.xcassets */; };
		438AD2D62E424B2F00249A97 /* README.md in Resources */ = {isa = PBXBuildFile; fileRef = 438AD2C02E424B2F00249A97 /* README.md */; };
		438AD2D82E424B2F00249A97 /* RoomScanModel.swift in Sources */ = {isa = PBXBuildFile; fileRef = 438AD2BE2E424B2F00249A97 /* RoomScanModel.swift */; };
		438AD2D92E424B2F00249A97 /* ControlPanelView.swift in Sources */ = {isa = PBXBuildFile; fileRef = 438AD2C62E424B2F00249A97 /* ControlPanelView.swift */; };
		438AD2DA2E424B2F00249A97 /* FurnitureCatalogView.swift in Sources */ = {isa = PBXBuildFile; fileRef = 438AD2C72E424B2F00249A97 /* FurnitureCatalogView.swift */; };
		438AD2DB2E424B2F00249A97 /* ARSceneView.swift in Sources */ = {isa = PBXBuildFile; fileRef = 438AD2C52E424B2F00249A97 /* ARSceneView.swift */; };
		438AD2DC2E424B2F00249A97 /* FurnitureModel.swift in Sources */ = {isa = PBXBuildFile; fileRef = 438AD2BD2E424B2F00249A97 /* FurnitureModel.swift */; };
		438AD2DD2E424B2F00249A97 /* fyingApp.swift in Sources */ = {isa = PBXBuildFile; fileRef = 438AD2CC2E424B2F00249A97 /* fyingApp.swift */; };
		438AD2E02E424B2F00249A97 /* ARViewModel.swift in Sources */ = {isa = PBXBuildFile; fileRef = 438AD2C22E424B2F00249A97 /* ARViewModel.swift */; };
		438AD2E12E424B2F00249A97 /* ScanningOverlayView.swift in Sources */ = {isa = PBXBuildFile; fileRef = 438AD2C82E424B2F00249A97 /* ScanningOverlayView.swift */; };
		438AD2E22E424B2F00249A97 /* ARViewModel+ARSessionDelegate.swift in Sources */ = {isa = PBXBuildFile; fileRef = 438AD2C32E424B2F00249A97 /* ARViewModel+ARSessionDelegate.swift */; };
		438AD2E32E424B2F00249A97 /* ContentView.swift in Sources */ = {isa = PBXBuildFile; fileRef = 438AD2CB2E424B2F00249A97 /* ContentView.swift */; };
		438AD33F2E426B3A00249A97 /* FurnitureDetailView.swift in Sources */ = {isa = PBXBuildFile; fileRef = 438AD33E2E426B3A00249A97 /* FurnitureDetailView.swift */; };
		438AD3412E426B4500249A97 /* PlacedFurnitureListView.swift in Sources */ = {isa = PBXBuildFile; fileRef = 438AD3402E426B4500249A97 /* PlacedFurnitureListView.swift */; };
		438AD3452E42739300249A97 /* RealityKitSessionManager.swift in Sources */ = {isa = PBXBuildFile; fileRef = 438AD3442E42739300249A97 /* RealityKitSessionManager.swift */; };
		438AD37A2E427E7600249A97 /* RoomAnalyzer.swift in Sources */ = {isa = PBXBuildFile; fileRef = 438AD3792E427E7600249A97 /* RoomAnalyzer.swift */; };
/* End PBXBuildFile section */

/* Begin PBXContainerItemProxy section */
		438AD2A12E424AB100249A97 /* PBXContainerItemProxy */ = {
			isa = PBXContainerItemProxy;
			containerPortal = 438AD28B2E424AB000249A97 /* Project object */;
			proxyType = 1;
			remoteGlobalIDString = 438AD2922E424AB000249A97;
			remoteInfo = "fying new";
		};
		438AD2AB2E424AB100249A97 /* PBXContainerItemProxy */ = {
			isa = PBXContainerItemProxy;
			containerPortal = 438AD28B2E424AB000249A97 /* Project object */;
			proxyType = 1;
			remoteGlobalIDString = 438AD2922E424AB000249A97;
			remoteInfo = "fying new";
		};
/* End PBXContainerItemProxy section */

/* Begin PBXFileReference section */
		438AD2932E424AB000249A97 /* fying new.app */ = {isa = PBXFileReference; explicitFileType = wrapper.application; includeInIndex = 0; path = "fying new.app"; sourceTree = BUILT_PRODUCTS_DIR; };
		438AD2A02E424AB100249A97 /* fying newTests.xctest */ = {isa = PBXFileReference; explicitFileType = wrapper.cfbundle; includeInIndex = 0; path = "fying newTests.xctest"; sourceTree = BUILT_PRODUCTS_DIR; };
		438AD2AA2E424AB100249A97 /* fying newUITests.xctest */ = {isa = PBXFileReference; explicitFileType = wrapper.cfbundle; includeInIndex = 0; path = "fying newUITests.xctest"; sourceTree = BUILT_PRODUCTS_DIR; };
		438AD2BD2E424B2F00249A97 /* FurnitureModel.swift */ = {isa = PBXFileReference; lastKnownFileType = sourcecode.swift; path = FurnitureModel.swift; sourceTree = "<group>"; };
		438AD2BE2E424B2F00249A97 /* RoomScanModel.swift */ = {isa = PBXFileReference; lastKnownFileType = sourcecode.swift; path = RoomScanModel.swift; sourceTree = "<group>"; };
		438AD2C02E424B2F00249A97 /* README.md */ = {isa = PBXFileReference; lastKnownFileType = net.daringfireball.markdown; path = README.md; sourceTree = "<group>"; };
		438AD2C22E424B2F00249A97 /* ARViewModel.swift */ = {isa = PBXFileReference; lastKnownFileType = sourcecode.swift; path = ARViewModel.swift; sourceTree = "<group>"; };
		438AD2C32E424B2F00249A97 /* ARViewModel+ARSessionDelegate.swift */ = {isa = PBXFileReference; lastKnownFileType = sourcecode.swift; path = "ARViewModel+ARSessionDelegate.swift"; sourceTree = "<group>"; };
		438AD2C52E424B2F00249A97 /* ARSceneView.swift */ = {isa = PBXFileReference; lastKnownFileType = sourcecode.swift; path = ARSceneView.swift; sourceTree = "<group>"; };
		438AD2C62E424B2F00249A97 /* ControlPanelView.swift */ = {isa = PBXFileReference; lastKnownFileType = sourcecode.swift; path = ControlPanelView.swift; sourceTree = "<group>"; };
		438AD2C72E424B2F00249A97 /* FurnitureCatalogView.swift */ = {isa = PBXFileReference; lastKnownFileType = sourcecode.swift; path = FurnitureCatalogView.swift; sourceTree = "<group>"; };
		438AD2C82E424B2F00249A97 /* ScanningOverlayView.swift */ = {isa = PBXFileReference; lastKnownFileType = sourcecode.swift; path = ScanningOverlayView.swift; sourceTree = "<group>"; };
		438AD2CA2E424B2F00249A97 /* Assets.xcassets */ = {isa = PBXFileReference; lastKnownFileType = folder.assetcatalog; path = Assets.xcassets; sourceTree = "<group>"; };
		438AD2CB2E424B2F00249A97 /* ContentView.swift */ = {isa = PBXFileReference; lastKnownFileType = sourcecode.swift; path = ContentView.swift; sourceTree = "<group>"; };
		438AD2CC2E424B2F00249A97 /* fyingApp.swift */ = {isa = PBXFileReference; lastKnownFileType = sourcecode.swift; path = fyingApp.swift; sourceTree = "<group>"; };
		438AD33E2E426B3A00249A97 /* FurnitureDetailView.swift */ = {isa = PBXFileReference; lastKnownFileType = sourcecode.swift; path = FurnitureDetailView.swift; sourceTree = "<group>"; };
		438AD3402E426B4500249A97 /* PlacedFurnitureListView.swift */ = {isa = PBXFileReference; lastKnownFileType = sourcecode.swift; path = PlacedFurnitureListView.swift; sourceTree = "<group>"; };
		438AD3442E42739300249A97 /* RealityKitSessionManager.swift */ = {isa = PBXFileReference; lastKnownFileType = sourcecode.swift; path = RealityKitSessionManager.swift; sourceTree = "<group>"; };
		438AD3792E427E7600249A97 /* RoomAnalyzer.swift */ = {isa = PBXFileReference; lastKnownFileType = sourcecode.swift; path = RoomAnalyzer.swift; sourceTree = "<group>"; };
/* End PBXFileReference section */

/* Begin PBXFrameworksBuildPhase section */
		438AD2902E424AB000249A97 /* Frameworks */ = {
			isa = PBXFrameworksBuildPhase;
			buildActionMask = 2147483647;
			files = (
			);
			runOnlyForDeploymentPostprocessing = 0;
		};
		438AD29D2E424AB100249A97 /* Frameworks */ = {
			isa = PBXFrameworksBuildPhase;
			buildActionMask = 2147483647;
			files = (
			);
			runOnlyForDeploymentPostprocessing = 0;
		};
		438AD2A72E424AB100249A97 /* Frameworks */ = {
			isa = PBXFrameworksBuildPhase;
			buildActionMask = 2147483647;
			files = (
			);
			runOnlyForDeploymentPostprocessing = 0;
		};
/* End PBXFrameworksBuildPhase section */

/* Begin PBXGroup section */
		438AD28A2E424AB000249A97 = {
			isa = PBXGroup;
			children = (
				438AD2CE2E424B2F00249A97 /* fying */,
				438AD2942E424AB000249A97 /* Products */,
			);
			sourceTree = "<group>";
		};
		438AD2942E424AB000249A97 /* Products */ = {
			isa = PBXGroup;
			children = (
				438AD2932E424AB000249A97 /* fying new.app */,
				438AD2A02E424AB100249A97 /* fying newTests.xctest */,
				438AD2AA2E424AB100249A97 /* fying newUITests.xctest */,
			);
			name = Products;
			sourceTree = "<group>";
		};
		438AD2BF2E424B2F00249A97 /* Models */ = {
			isa = PBXGroup;
			children = (
				438AD3792E427E7600249A97 /* RoomAnalyzer.swift */,
				438AD2BD2E424B2F00249A97 /* FurnitureModel.swift */,
				438AD2BE2E424B2F00249A97 /* RoomScanModel.swift */,
			);
			path = Models;
			sourceTree = "<group>";
		};
		438AD2C12E424B2F00249A97 /* Resources */ = {
			isa = PBXGroup;
			children = (
				438AD2C02E424B2F00249A97 /* README.md */,
			);
			path = Resources;
			sourceTree = "<group>";
		};
		438AD2C42E424B2F00249A97 /* ViewModels */ = {
			isa = PBXGroup;
			children = (
				438AD3442E42739300249A97 /* RealityKitSessionManager.swift */,
				438AD2C22E424B2F00249A97 /* ARViewModel.swift */,
				438AD2C32E424B2F00249A97 /* ARViewModel+ARSessionDelegate.swift */,
			);
			path = ViewModels;
			sourceTree = "<group>";
		};
		438AD2C92E424B2F00249A97 /* Views */ = {
			isa = PBXGroup;
			children = (
				438AD3402E426B4500249A97 /* PlacedFurnitureListView.swift */,
				438AD33E2E426B3A00249A97 /* FurnitureDetailView.swift */,
				438AD2C52E424B2F00249A97 /* ARSceneView.swift */,
				438AD2C62E424B2F00249A97 /* ControlPanelView.swift */,
				438AD2C72E424B2F00249A97 /* FurnitureCatalogView.swift */,
				438AD2C82E424B2F00249A97 /* ScanningOverlayView.swift */,
			);
			path = Views;
			sourceTree = "<group>";
		};
		438AD2CE2E424B2F00249A97 /* fying */ = {
			isa = PBXGroup;
			children = (
				438AD2BF2E424B2F00249A97 /* Models */,
				438AD2C12E424B2F00249A97 /* Resources */,
				438AD2C42E424B2F00249A97 /* ViewModels */,
				438AD2C92E424B2F00249A97 /* Views */,
				438AD2CA2E424B2F00249A97 /* Assets.xcassets */,
				438AD2CB2E424B2F00249A97 /* ContentView.swift */,
				438AD2CC2E424B2F00249A97 /* fyingApp.swift */,
			);
			path = fying;
			sourceTree = "<group>";
		};
/* End PBXGroup section */

/* Begin PBXNativeTarget section */
		438AD2922E424AB000249A97 /* fying new */ = {
			isa = PBXNativeTarget;
			buildConfigurationList = 438AD2B42E424AB100249A97 /* Build configuration list for PBXNativeTarget "fying new" */;
			buildPhases = (
				438AD28F2E424AB000249A97 /* Sources */,
				438AD2902E424AB000249A97 /* Frameworks */,
				438AD2912E424AB000249A97 /* Resources */,
			);
			buildRules = (
			);
			dependencies = (
			);
			name = "fying new";
			packageProductDependencies = (
			);
			productName = "fying new";
			productReference = 438AD2932E424AB000249A97 /* fying new.app */;
			productType = "com.apple.product-type.application";
		};
		438AD29F2E424AB100249A97 /* fying newTests */ = {
			isa = PBXNativeTarget;
			buildConfigurationList = 438AD2B72E424AB100249A97 /* Build configuration list for PBXNativeTarget "fying newTests" */;
			buildPhases = (
				438AD29C2E424AB100249A97 /* Sources */,
				438AD29D2E424AB100249A97 /* Frameworks */,
				438AD29E2E424AB100249A97 /* Resources */,
			);
			buildRules = (
			);
			dependencies = (
				438AD2A22E424AB100249A97 /* PBXTargetDependency */,
			);
			name = "fying newTests";
			packageProductDependencies = (
			);
			productName = "fying newTests";
			productReference = 438AD2A02E424AB100249A97 /* fying newTests.xctest */;
			productType = "com.apple.product-type.bundle.unit-test";
		};
		438AD2A92E424AB100249A97 /* fying newUITests */ = {
			isa = PBXNativeTarget;
			buildConfigurationList = 438AD2BA2E424AB100249A97 /* Build configuration list for PBXNativeTarget "fying newUITests" */;
			buildPhases = (
				438AD2A62E424AB100249A97 /* Sources */,
				438AD2A72E424AB100249A97 /* Frameworks */,
				438AD2A82E424AB100249A97 /* Resources */,
			);
			buildRules = (
			);
			dependencies = (
				438AD2AC2E424AB100249A97 /* PBXTargetDependency */,
			);
			name = "fying newUITests";
			packageProductDependencies = (
			);
			productName = "fying newUITests";
			productReference = 438AD2AA2E424AB100249A97 /* fying newUITests.xctest */;
			productType = "com.apple.product-type.bundle.ui-testing";
		};
/* End PBXNativeTarget section */

/* Begin PBXProject section */
		438AD28B2E424AB000249A97 /* Project object */ = {
			isa = PBXProject;
			attributes = {
				BuildIndependentTargetsInParallel = 1;
				LastSwiftUpdateCheck = 1640;
				LastUpgradeCheck = 1640;
				TargetAttributes = {
					438AD2922E424AB000249A97 = {
						CreatedOnToolsVersion = 16.4;
					};
					438AD29F2E424AB100249A97 = {
						CreatedOnToolsVersion = 16.4;
						TestTargetID = 438AD2922E424AB000249A97;
					};
					438AD2A92E424AB100249A97 = {
						CreatedOnToolsVersion = 16.4;
						TestTargetID = 438AD2922E424AB000249A97;
					};
				};
			};
			buildConfigurationList = 438AD28E2E424AB000249A97 /* Build configuration list for PBXProject "fying new" */;
			developmentRegion = en;
			hasScannedForEncodings = 0;
			knownRegions = (
				en,
				Base,
			);
			mainGroup = 438AD28A2E424AB000249A97;
			minimizedProjectReferenceProxies = 1;
			preferredProjectObjectVersion = 77;
			productRefGroup = 438AD2942E424AB000249A97 /* Products */;
			projectDirPath = "";
			projectRoot = "";
			targets = (
				438AD2922E424AB000249A97 /* fying new */,
				438AD29F2E424AB100249A97 /* fying newTests */,
				438AD2A92E424AB100249A97 /* fying newUITests */,
			);
		};
/* End PBXProject section */

/* Begin PBXResourcesBuildPhase section */
		438AD2912E424AB000249A97 /* Resources */ = {
			isa = PBXResourcesBuildPhase;
			buildActionMask = 2147483647;
			files = (
				438AD2D52E424B2F00249A97 /* Assets.xcassets in Resources */,
				438AD2D62E424B2F00249A97 /* README.md in Resources */,
			);
			runOnlyForDeploymentPostprocessing = 0;
		};
		438AD29E2E424AB100249A97 /* Resources */ = {
			isa = PBXResourcesBuildPhase;
			buildActionMask = 2147483647;
			files = (
			);
			runOnlyForDeploymentPostprocessing = 0;
		};
		438AD2A82E424AB100249A97 /* Resources */ = {
			isa = PBXResourcesBuildPhase;
			buildActionMask = 2147483647;
			files = (
			);
			runOnlyForDeploymentPostprocessing = 0;
		};
/* End PBXResourcesBuildPhase section */

/* Begin PBXSourcesBuildPhase section */
		438AD28F2E424AB000249A97 /* Sources */ = {
			isa = PBXSourcesBuildPhase;
			buildActionMask = 2147483647;
			files = (
				438AD3412E426B4500249A97 /* PlacedFurnitureListView.swift in Sources */,
				438AD33F2E426B3A00249A97 /* FurnitureDetailView.swift in Sources */,
				438AD2D82E424B2F00249A97 /* RoomScanModel.swift in Sources */,
				438AD2D92E424B2F00249A97 /* ControlPanelView.swift in Sources */,
				438AD2DA2E424B2F00249A97 /* FurnitureCatalogView.swift in Sources */,
				438AD2DB2E424B2F00249A97 /* ARSceneView.swift in Sources */,
				438AD2DC2E424B2F00249A97 /* FurnitureModel.swift in Sources */,
				438AD2DD2E424B2F00249A97 /* fyingApp.swift in Sources */,
				438AD37A2E427E7600249A97 /* RoomAnalyzer.swift in Sources */,
				438AD2E02E424B2F00249A97 /* ARViewModel.swift in Sources */,
				438AD2E12E424B2F00249A97 /* ScanningOverlayView.swift in Sources */,
				438AD2E22E424B2F00249A97 /* ARViewModel+ARSessionDelegate.swift in Sources */,
				438AD3452E42739300249A97 /* RealityKitSessionManager.swift in Sources */,
				438AD2E32E424B2F00249A97 /* ContentView.swift in Sources */,
			);
			runOnlyForDeploymentPostprocessing = 0;
		};
		438AD29C2E424AB100249A97 /* Sources */ = {
			isa = PBXSourcesBuildPhase;
			buildActionMask = 2147483647;
			files = (
			);
			runOnlyForDeploymentPostprocessing = 0;
		};
		438AD2A62E424AB100249A97 /* Sources */ = {
			isa = PBXSourcesBuildPhase;
			buildActionMask = 2147483647;
			files = (
			);
			runOnlyForDeploymentPostprocessing = 0;
		};
/* End PBXSourcesBuildPhase section */

/* Begin PBXTargetDependency section */
		438AD2A22E424AB100249A97 /* PBXTargetDependency */ = {
			isa = PBXTargetDependency;
			target = 438AD2922E424AB000249A97 /* fying new */;
			targetProxy = 438AD2A12E424AB100249A97 /* PBXContainerItemProxy */;
		};
		438AD2AC2E424AB100249A97 /* PBXTargetDependency */ = {
			isa = PBXTargetDependency;
			target = 438AD2922E424AB000249A97 /* fying new */;
			targetProxy = 438AD2AB2E424AB100249A97 /* PBXContainerItemProxy */;
		};
/* End PBXTargetDependency section */

/* Begin XCBuildConfiguration section */
		438AD2B22E424AB100249A97 /* Debug */ = {
			isa = XCBuildConfiguration;
			buildSettings = {
				ALWAYS_SEARCH_USER_PATHS = NO;
				ASSETCATALOG_COMPILER_GENERATE_SWIFT_ASSET_SYMBOL_EXTENSIONS = YES;
				CLANG_ANALYZER_NONNULL = YES;
				CLANG_ANALYZER_NUMBER_OBJECT_CONVERSION = YES_AGGRESSIVE;
				CLANG_CXX_LANGUAGE_STANDARD = "gnu++20";
				CLANG_ENABLE_MODULES = YES;
				CLANG_ENABLE_OBJC_ARC = YES;
				CLANG_ENABLE_OBJC_WEAK = YES;
				CLANG_WARN_BLOCK_CAPTURE_AUTORELEASING = YES;
				CLANG_WARN_BOOL_CONVERSION = YES;
				CLANG_WARN_COMMA = YES;
				CLANG_WARN_CONSTANT_CONVERSION = YES;
				CLANG_WARN_DEPRECATED_OBJC_IMPLEMENTATIONS = YES;
				CLANG_WARN_DIRECT_OBJC_ISA_USAGE = YES_ERROR;
				CLANG_WARN_DOCUMENTATION_COMMENTS = YES;
				CLANG_WARN_EMPTY_BODY = YES;
				CLANG_WARN_ENUM_CONVERSION = YES;
				CLANG_WARN_INFINITE_RECURSION = YES;
				CLANG_WARN_INT_CONVERSION = YES;
				CLANG_WARN_NON_LITERAL_NULL_CONVERSION = YES;
				CLANG_WARN_OBJC_IMPLICIT_RETAIN_SELF = YES;
				CLANG_WARN_OBJC_LITERAL_CONVERSION = YES;
				CLANG_WARN_OBJC_ROOT_CLASS = YES_ERROR;
				CLANG_WARN_QUOTED_INCLUDE_IN_FRAMEWORK_HEADER = YES;
				CLANG_WARN_RANGE_LOOP_ANALYSIS = YES;
				CLANG_WARN_STRICT_PROTOTYPES = YES;
				CLANG_WARN_SUSPICIOUS_MOVE = YES;
				CLANG_WARN_UNGUARDED_AVAILABILITY = YES_AGGRESSIVE;
				CLANG_WARN_UNREACHABLE_CODE = YES;
				CLANG_WARN__DUPLICATE_METHOD_MATCH = YES;
				COPY_PHASE_STRIP = NO;
				DEBUG_INFORMATION_FORMAT = dwarf;
				DEVELOPMENT_TEAM = YFY6QY43LP;
				ENABLE_STRICT_OBJC_MSGSEND = YES;
				ENABLE_TESTABILITY = YES;
				ENABLE_USER_SCRIPT_SANDBOXING = YES;
				GCC_C_LANGUAGE_STANDARD = gnu17;
				GCC_DYNAMIC_NO_PIC = NO;
				GCC_NO_COMMON_BLOCKS = YES;
				GCC_OPTIMIZATION_LEVEL = 0;
				GCC_PREPROCESSOR_DEFINITIONS = (
					"DEBUG=1",
					"$(inherited)",
				);
				GCC_WARN_64_TO_32_BIT_CONVERSION = YES;
				GCC_WARN_ABOUT_RETURN_TYPE = YES_ERROR;
				GCC_WARN_UNDECLARED_SELECTOR = YES;
				GCC_WARN_UNINITIALIZED_AUTOS = YES_AGGRESSIVE;
				GCC_WARN_UNUSED_FUNCTION = YES;
				GCC_WARN_UNUSED_VARIABLE = YES;
				IPHONEOS_DEPLOYMENT_TARGET = 18.5;
				LOCALIZATION_PREFERS_STRING_CATALOGS = YES;
				MTL_ENABLE_DEBUG_INFO = INCLUDE_SOURCE;
				MTL_FAST_MATH = YES;
				ONLY_ACTIVE_ARCH = YES;
				SDKROOT = iphoneos;
				SWIFT_ACTIVE_COMPILATION_CONDITIONS = "DEBUG $(inherited)";
				SWIFT_OPTIMIZATION_LEVEL = "-Onone";
			};
			name = Debug;
		};
		438AD2B32E424AB100249A97 /* Release */ = {
			isa = XCBuildConfiguration;
			buildSettings = {
				ALWAYS_SEARCH_USER_PATHS = NO;
				ASSETCATALOG_COMPILER_GENERATE_SWIFT_ASSET_SYMBOL_EXTENSIONS = YES;
				CLANG_ANALYZER_NONNULL = YES;
				CLANG_ANALYZER_NUMBER_OBJECT_CONVERSION = YES_AGGRESSIVE;
				CLANG_CXX_LANGUAGE_STANDARD = "gnu++20";
				CLANG_ENABLE_MODULES = YES;
				CLANG_ENABLE_OBJC_ARC = YES;
				CLANG_ENABLE_OBJC_WEAK = YES;
				CLANG_WARN_BLOCK_CAPTURE_AUTORELEASING = YES;
				CLANG_WARN_BOOL_CONVERSION = YES;
				CLANG_WARN_COMMA = YES;
				CLANG_WARN_CONSTANT_CONVERSION = YES;
				CLANG_WARN_DEPRECATED_OBJC_IMPLEMENTATIONS = YES;
				CLANG_WARN_DIRECT_OBJC_ISA_USAGE = YES_ERROR;
				CLANG_WARN_DOCUMENTATION_COMMENTS = YES;
				CLANG_WARN_EMPTY_BODY = YES;
				CLANG_WARN_ENUM_CONVERSION = YES;
				CLANG_WARN_INFINITE_RECURSION = YES;
				CLANG_WARN_INT_CONVERSION = YES;
				CLANG_WARN_NON_LITERAL_NULL_CONVERSION = YES;
				CLANG_WARN_OBJC_IMPLICIT_RETAIN_SELF = YES;
				CLANG_WARN_OBJC_LITERAL_CONVERSION = YES;
				CLANG_WARN_OBJC_ROOT_CLASS = YES_ERROR;
				CLANG_WARN_QUOTED_INCLUDE_IN_FRAMEWORK_HEADER = YES;
				CLANG_WARN_RANGE_LOOP_ANALYSIS = YES;
				CLANG_WARN_STRICT_PROTOTYPES = YES;
				CLANG_WARN_SUSPICIOUS_MOVE = YES;
				CLANG_WARN_UNGUARDED_AVAILABILITY = YES_AGGRESSIVE;
				CLANG_WARN_UNREACHABLE_CODE = YES;
				CLANG_WARN__DUPLICATE_METHOD_MATCH = YES;
				COPY_PHASE_STRIP = NO;
				DEBUG_INFORMATION_FORMAT = "dwarf-with-dsym";
				DEVELOPMENT_TEAM = YFY6QY43LP;
				ENABLE_NS_ASSERTIONS = NO;
				ENABLE_STRICT_OBJC_MSGSEND = YES;
				ENABLE_USER_SCRIPT_SANDBOXING = YES;
				GCC_C_LANGUAGE_STANDARD = gnu17;
				GCC_NO_COMMON_BLOCKS = YES;
				GCC_WARN_64_TO_32_BIT_CONVERSION = YES;
				GCC_WARN_ABOUT_RETURN_TYPE = YES_ERROR;
				GCC_WARN_UNDECLARED_SELECTOR = YES;
				GCC_WARN_UNINITIALIZED_AUTOS = YES_AGGRESSIVE;
				GCC_WARN_UNUSED_FUNCTION = YES;
				GCC_WARN_UNUSED_VARIABLE = YES;
				IPHONEOS_DEPLOYMENT_TARGET = 18.5;
				LOCALIZATION_PREFERS_STRING_CATALOGS = YES;
				MTL_ENABLE_DEBUG_INFO = NO;
				MTL_FAST_MATH = YES;
				SDKROOT = iphoneos;
				SWIFT_COMPILATION_MODE = wholemodule;
				VALIDATE_PRODUCT = YES;
			};
			name = Release;
		};
		438AD2B52E424AB100249A97 /* Debug */ = {
			isa = XCBuildConfiguration;
			buildSettings = {
				ASSETCATALOG_COMPILER_APPICON_NAME = AppIcon;
				ASSETCATALOG_COMPILER_GLOBAL_ACCENT_COLOR_NAME = AccentColor;
				CODE_SIGN_STYLE = Automatic;
				CURRENT_PROJECT_VERSION = 1;
				DEVELOPMENT_TEAM = YFY6QY43LP;
				ENABLE_PREVIEWS = YES;
				GENERATE_INFOPLIST_FILE = YES;
				INFOPLIST_KEY_NSCameraUsageDescription = Required;
				INFOPLIST_KEY_UIApplicationSceneManifest_Generation = YES;
				INFOPLIST_KEY_UIApplicationSupportsIndirectInputEvents = YES;
				INFOPLIST_KEY_UILaunchScreen_Generation = YES;
				INFOPLIST_KEY_UIRequiredDeviceCapabilities = arkit;
				INFOPLIST_KEY_UISupportedInterfaceOrientations_iPad = "UIInterfaceOrientationPortrait UIInterfaceOrientationPortraitUpsideDown UIInterfaceOrientationLandscapeLeft UIInterfaceOrientationLandscapeRight";
				INFOPLIST_KEY_UISupportedInterfaceOrientations_iPhone = "UIInterfaceOrientationPortrait UIInterfaceOrientationLandscapeLeft UIInterfaceOrientationLandscapeRight";
				LD_RUNPATH_SEARCH_PATHS = (
					"$(inherited)",
					"@executable_path/Frameworks",
				);
				MARKETING_VERSION = 1.0;
				PRODUCT_BUNDLE_IDENTIFIER = "com.app.fying-new";
				PRODUCT_NAME = "$(TARGET_NAME)";
				SWIFT_EMIT_LOC_STRINGS = YES;
				SWIFT_VERSION = 5.0;
				TARGETED_DEVICE_FAMILY = "1,2";
			};
			name = Debug;
		};
		438AD2B62E424AB100249A97 /* Release */ = {
			isa = XCBuildConfiguration;
			buildSettings = {
				ASSETCATALOG_COMPILER_APPICON_NAME = AppIcon;
				ASSETCATALOG_COMPILER_GLOBAL_ACCENT_COLOR_NAME = AccentColor;
				CODE_SIGN_STYLE = Automatic;
				CURRENT_PROJECT_VERSION = 1;
				DEVELOPMENT_TEAM = YFY6QY43LP;
				ENABLE_PREVIEWS = YES;
				GENERATE_INFOPLIST_FILE = YES;
				INFOPLIST_KEY_NSCameraUsageDescription = Required;
				INFOPLIST_KEY_UIApplicationSceneManifest_Generation = YES;
				INFOPLIST_KEY_UIApplicationSupportsIndirectInputEvents = YES;
				INFOPLIST_KEY_UILaunchScreen_Generation = YES;
				INFOPLIST_KEY_UIRequiredDeviceCapabilities = arkit;
				INFOPLIST_KEY_UISupportedInterfaceOrientations_iPad = "UIInterfaceOrientationPortrait UIInterfaceOrientationPortraitUpsideDown UIInterfaceOrientationLandscapeLeft UIInterfaceOrientationLandscapeRight";
				INFOPLIST_KEY_UISupportedInterfaceOrientations_iPhone = "UIInterfaceOrientationPortrait UIInterfaceOrientationLandscapeLeft UIInterfaceOrientationLandscapeRight";
				LD_RUNPATH_SEARCH_PATHS = (
					"$(inherited)",
					"@executable_path/Frameworks",
				);
				MARKETING_VERSION = 1.0;
				PRODUCT_BUNDLE_IDENTIFIER = "com.app.fying-new";
				PRODUCT_NAME = "$(TARGET_NAME)";
				SWIFT_EMIT_LOC_STRINGS = YES;
				SWIFT_VERSION = 5.0;
				TARGETED_DEVICE_FAMILY = "1,2";
			};
			name = Release;
		};
		438AD2B82E424AB100249A97 /* Debug */ = {
			isa = XCBuildConfiguration;
			buildSettings = {
				BUNDLE_LOADER = "$(TEST_HOST)";
				CODE_SIGN_STYLE = Automatic;
				CURRENT_PROJECT_VERSION = 1;
				DEVELOPMENT_TEAM = YFY6QY43LP;
				GENERATE_INFOPLIST_FILE = YES;
				IPHONEOS_DEPLOYMENT_TARGET = 18.5;
				MARKETING_VERSION = 1.0;
				PRODUCT_BUNDLE_IDENTIFIER = "com.app.fying-newTests";
				PRODUCT_NAME = "$(TARGET_NAME)";
				SWIFT_EMIT_LOC_STRINGS = NO;
				SWIFT_VERSION = 5.0;
				TARGETED_DEVICE_FAMILY = "1,2";
				TEST_HOST = "$(BUILT_PRODUCTS_DIR)/fying new.app/$(BUNDLE_EXECUTABLE_FOLDER_PATH)/fying new";
			};
			name = Debug;
		};
		438AD2B92E424AB100249A97 /* Release */ = {
			isa = XCBuildConfiguration;
			buildSettings = {
				BUNDLE_LOADER = "$(TEST_HOST)";
				CODE_SIGN_STYLE = Automatic;
				CURRENT_PROJECT_VERSION = 1;
				DEVELOPMENT_TEAM = YFY6QY43LP;
				GENERATE_INFOPLIST_FILE = YES;
				IPHONEOS_DEPLOYMENT_TARGET = 18.5;
				MARKETING_VERSION = 1.0;
				PRODUCT_BUNDLE_IDENTIFIER = "com.app.fying-newTests";
				PRODUCT_NAME = "$(TARGET_NAME)";
				SWIFT_EMIT_LOC_STRINGS = NO;
				SWIFT_VERSION = 5.0;
				TARGETED_DEVICE_FAMILY = "1,2";
				TEST_HOST = "$(BUILT_PRODUCTS_DIR)/fying new.app/$(BUNDLE_EXECUTABLE_FOLDER_PATH)/fying new";
			};
			name = Release;
		};
		438AD2BB2E424AB100249A97 /* Debug */ = {
			isa = XCBuildConfiguration;
			buildSettings = {
				CODE_SIGN_STYLE = Automatic;
				CURRENT_PROJECT_VERSION = 1;
				DEVELOPMENT_TEAM = YFY6QY43LP;
				GENERATE_INFOPLIST_FILE = YES;
				MARKETING_VERSION = 1.0;
				PRODUCT_BUNDLE_IDENTIFIER = "com.app.fying-newUITests";
				PRODUCT_NAME = "$(TARGET_NAME)";
				SWIFT_EMIT_LOC_STRINGS = NO;
				SWIFT_VERSION = 5.0;
				TARGETED_DEVICE_FAMILY = "1,2";
				TEST_TARGET_NAME = "fying new";
			};
			name = Debug;
		};
		438AD2BC2E424AB100249A97 /* Release */ = {
			isa = XCBuildConfiguration;
			buildSettings = {
				CODE_SIGN_STYLE = Automatic;
				CURRENT_PROJECT_VERSION = 1;
				DEVELOPMENT_TEAM = YFY6QY43LP;
				GENERATE_INFOPLIST_FILE = YES;
				MARKETING_VERSION = 1.0;
				PRODUCT_BUNDLE_IDENTIFIER = "com.app.fying-newUITests";
				PRODUCT_NAME = "$(TARGET_NAME)";
				SWIFT_EMIT_LOC_STRINGS = NO;
				SWIFT_VERSION = 5.0;
				TARGETED_DEVICE_FAMILY = "1,2";
				TEST_TARGET_NAME = "fying new";
			};
			name = Release;
		};
/* End XCBuildConfiguration section */

/* Begin XCConfigurationList section */
		438AD28E2E424AB000249A97 /* Build configuration list for PBXProject "fying new" */ = {
			isa = XCConfigurationList;
			buildConfigurations = (
				438AD2B22E424AB100249A97 /* Debug */,
				438AD2B32E424AB100249A97 /* Release */,
			);
			defaultConfigurationIsVisible = 0;
			defaultConfigurationName = Release;
		};
		438AD2B42E424AB100249A97 /* Build configuration list for PBXNativeTarget "fying new" */ = {
			isa = XCConfigurationList;
			buildConfigurations = (
				438AD2B52E424AB100249A97 /* Debug */,
				438AD2B62E424AB100249A97 /* Release */,
			);
			defaultConfigurationIsVisible = 0;
			defaultConfigurationName = Release;
		};
		438AD2B72E424AB100249A97 /* Build configuration list for PBXNativeTarget "fying newTests" */ = {
			isa = XCConfigurationList;
			buildConfigurations = (
				438AD2B82E424AB100249A97 /* Debug */,
				438AD2B92E424AB100249A97 /* Release */,
			);
			defaultConfigurationIsVisible = 0;
			defaultConfigurationName = Release;
		};
		438AD2BA2E424AB100249A97 /* Build configuration list for PBXNativeTarget "fying newUITests" */ = {
			isa = XCConfigurationList;
			buildConfigurations = (
				438AD2BB2E424AB100249A97 /* Debug */,
				438AD2BC2E424AB100249A97 /* Release */,
			);
			defaultConfigurationIsVisible = 0;
			defaultConfigurationName = Release;
		};
/* End XCConfigurationList section */
	};
	rootObject = 438AD28B2E424AB000249A97 /* Project object */;
}
